{
  "name": "your-lib-name",
  "version": "0.0.0",
  "lockfileVersion": 1,
  "requires": true,
  "dependencies": {
    "mega-nice-db-query-parameter": {
      "version": "1.0.2",
      "resolved": "https://registry.npmjs.org/mega-nice-db-query-parameter/-/mega-nice-db-query-parameter-1.0.2.tgz",
      "integrity": "sha512-lgaQQaolw5oOT3yup4lI9EhtcyDodr2v4VCoK5Bb8d44VQgoBpeH3abLDTjj/nMclPIa3mpGoD5mfl6uKD+yCg=="
    }
  }
}
